Microsoft Visual Studio Solution File, Format Version 12.00
# Visual Studio Version 16
VisualStudioVersion = 16.0.29215.179
MinimumVisualStudioVersion = 10.0.40219.1
Project("{2150E333-8FDC-42A3-9474-1A3956D46DE8}") = "Server", "Server", "{D403F605-71B3-4F36-B2D9-D30387F61F54}"
EndProject
Project("{2150E333-8FDC-42A3-9474-1A3956D46DE8}") = "protos", "protos", "{78A43CE1-AFA1-4A45-B08A-FC817178E7DA}"
	ProjectSection(SolutionItems) = preProject
		protos\infrastructure.proto = protos\infrastructure.proto
		protos\server.proto = protos\server.proto
	EndProjectSection
EndProject
Project("{9A19103F-16F7-4668-BE54-9A1E7A4F7556}") = "Cida.Server", "Projects\Server\Cida.Server\Cida.Server.csproj", "{74503A42-B08F-4AD9-BE0D-052B6D269CBB}"
EndProject
Project("{9A19103F-16F7-4668-BE54-9A1E7A4F7556}") = "Cida.Server.Console", "Projects\Server\Cida.Server.Console\Cida.Server.Console.csproj", "{7F365962-BC91-450B-991D-78A94B817B81}"
EndProject
Project("{9A19103F-16F7-4668-BE54-9A1E7A4F7556}") = "Cida.Api", "Projects\Cida.Api\Cida.Api.csproj", "{6F0D0283-8677-4621-8644-93B609BC5663}"
EndProject
Project("{9A19103F-16F7-4668-BE54-9A1E7A4F7556}") = "TestApplication", "TestApplication\TestApplication.csproj", "{EFFA5593-1359-4C54-993B-2F334FB82296}"
EndProject
Project("{2150E333-8FDC-42A3-9474-1A3956D46DE8}") = "Modules", "Modules", "{DFAE3B31-6CA4-4C67-AF1F-FAC384978EA9}"
EndProject
Project("{9A19103F-16F7-4668-BE54-9A1E7A4F7556}") = "Module.Hsnr.Cida", "Projects\Modules\Hsnr\Server\Module.Hsnr.Cida\Module.Hsnr.Cida.csproj", "{E8673CE0-A56A-4F05-B9BA-67DD1110953E}"
EndProject
Project("{2150E333-8FDC-42A3-9474-1A3956D46DE8}") = "Hsnr", "Hsnr", "{030DF1D2-D51F-43F8-827D-42749ECDB5A0}"
EndProject
Project("{2150E333-8FDC-42A3-9474-1A3956D46DE8}") = "Server", "Server", "{0BA560C3-E268-4F51-AF46-C5293685AA0E}"
EndProject
Project("{2150E333-8FDC-42A3-9474-1A3956D46DE8}") = "Modules", "Modules", "{FC2FCDCD-BF5D-4F1A-9344-278D87F6313B}"
	ProjectSection(SolutionItems) = preProject
		protos\Modules\crunchyroll.proto = protos\Modules\crunchyroll.proto
		protos\Modules\hsnr.proto = protos\Modules\hsnr.proto
	EndProjectSection
EndProject
Project("{2150E333-8FDC-42A3-9474-1A3956D46DE8}") = "Tools", "Tools", "{B046479E-1AA7-422F-B043-30D41633F3FA}"
EndProject
Project("{9A19103F-16F7-4668-BE54-9A1E7A4F7556}") = "EFC Model Updater", "Projects\Cida.Tools\EFC Model Updater\EFC Model Updater.csproj", "{C4C54462-CA28-459A-BE31-C730949EA749}"
EndProject
Project("{2150E333-8FDC-42A3-9474-1A3956D46DE8}") = "Crunchyroll", "Crunchyroll", "{9F7FE61B-75CB-477B-8D57-DFFD684C0B13}"
EndProject
Project("{2150E333-8FDC-42A3-9474-1A3956D46DE8}") = "Server", "Server", "{018DFBEF-8020-4521-AAE6-F5806263F4A3}"
EndProject
Project("{9A19103F-16F7-4668-BE54-9A1E7A4F7556}") = "Module.Crunchyroll.Cida", "Projects\Modules\Crunchyroll\Server\Module.Crunchyroll.Cida\Module.Crunchyroll.Cida.csproj", "{5DC1C4CD-A8B5-4DCD-9048-4316E26B80FD}"
EndProject
Project("{2150E333-8FDC-42A3-9474-1A3956D46DE8}") = "Clients", "Clients", "{46F9BD61-2E93-4B81-959E-2B278F2135B7}"
EndProject
Project("{9A19103F-16F7-4668-BE54-9A1E7A4F7556}") = "Cida.Client.Avalonia", "Projects\Clients\Cida.Client.Avalonia\Cida.Client.Avalonia.csproj", "{E42D9A7C-63EF-4E0B-83BD-15880DF1B158}"
EndProject
Project("{2150E333-8FDC-42A3-9474-1A3956D46DE8}") = "Clients", "Clients", "{958C5A6D-5D4C-4D77-A9BB-E47B394F6197}"
EndProject
Project("{9A19103F-16F7-4668-BE54-9A1E7A4F7556}") = "Module.Crunchyroll.Libs", "Projects\Modules\Crunchyroll\Module.Crunchyroll.Libs\Module.Crunchyroll.Libs.csproj", "{8166C136-5767-4F6D-8BE5-0382B226AF86}"
EndProject
Project("{9A19103F-16F7-4668-BE54-9A1E7A4F7556}") = "Module.Crunchyroll.Avalonia", "Projects\Modules\Crunchyroll\Clients\Module.Crunchyroll.Avalonia\Module.Crunchyroll.Avalonia.csproj", "{BC464C2D-20C1-4E78-9543-64253E329F4A}"
EndProject
Project("{2150E333-8FDC-42A3-9474-1A3956D46DE8}") = "Avalonia", "Avalonia", "{1CABD27E-C969-4ECD-9F8E-AD990CA5CF48}"
EndProject
Project("{9A19103F-16F7-4668-BE54-9A1E7A4F7556}") = "Cida.Client.Avalonia.Api", "Projects\Clients\Cida.Client.Avalonia.Api\Cida.Client.Avalonia.Api.csproj", "{9A6E650D-3A0B-41FE-81A9-2211CA3970FB}"
EndProject
Project("{2150E333-8FDC-42A3-9474-1A3956D46DE8}") = "HorribleSubs", "HorribleSubs", "{CE68205A-4D16-4CD9-A877-400EBDB4FE62}"
EndProject
Project("{2150E333-8FDC-42A3-9474-1A3956D46DE8}") = "Server", "Server", "{789E3E07-E05A-46EE-8982-219626BC76DD}"
EndProject
Project("{9A19103F-16F7-4668-BE54-9A1E7A4F7556}") = "Module.HorribleSubs.Cida", "Projects\Modules\HorribleSubs\Server\Module.HorribleSubs.Cida\Module.HorribleSubs.Cida.csproj", "{F4AAEF31-57AE-4AF1-B18A-692CCB8A1FD8}"
EndProject
Project("{FAE04EC0-301F-11D3-BF4B-00C04F79EFBC}") = "IrcClient", "Projects\IrcClient\IrcClient.csproj", "{82833DAF-9BA2-4E11-9FBE-738EAD248E66}"
EndProject
Global
	GlobalSection(SolutionConfigurationPlatforms) = preSolution
		Debug|Any CPU = Debug|Any CPU
		Release|Any CPU = Release|Any CPU
	EndGlobalSection
	GlobalSection(ProjectConfigurationPlatforms) = postSolution
		{74503A42-B08F-4AD9-BE0D-052B6D269CBB}.Debug|Any CPU.ActiveCfg = Debug|Any CPU
		{74503A42-B08F-4AD9-BE0D-052B6D269CBB}.Debug|Any CPU.Build.0 = Debug|Any CPU
		{74503A42-B08F-4AD9-BE0D-052B6D269CBB}.Release|Any CPU.ActiveCfg = Release|Any CPU
		{74503A42-B08F-4AD9-BE0D-052B6D269CBB}.Release|Any CPU.Build.0 = Release|Any CPU
		{7F365962-BC91-450B-991D-78A94B817B81}.Debug|Any CPU.ActiveCfg = Debug|Any CPU
		{7F365962-BC91-450B-991D-78A94B817B81}.Debug|Any CPU.Build.0 = Debug|Any CPU
		{7F365962-BC91-450B-991D-78A94B817B81}.Release|Any CPU.ActiveCfg = Release|Any CPU
		{7F365962-BC91-450B-991D-78A94B817B81}.Release|Any CPU.Build.0 = Release|Any CPU
		{6F0D0283-8677-4621-8644-93B609BC5663}.Debug|Any CPU.ActiveCfg = Debug|Any CPU
		{6F0D0283-8677-4621-8644-93B609BC5663}.Debug|Any CPU.Build.0 = Debug|Any CPU
		{6F0D0283-8677-4621-8644-93B609BC5663}.Release|Any CPU.ActiveCfg = Release|Any CPU
		{6F0D0283-8677-4621-8644-93B609BC5663}.Release|Any CPU.Build.0 = Release|Any CPU
		{EFFA5593-1359-4C54-993B-2F334FB82296}.Debug|Any CPU.ActiveCfg = Debug|Any CPU
		{EFFA5593-1359-4C54-993B-2F334FB82296}.Debug|Any CPU.Build.0 = Debug|Any CPU
		{EFFA5593-1359-4C54-993B-2F334FB82296}.Release|Any CPU.ActiveCfg = Release|Any CPU
		{EFFA5593-1359-4C54-993B-2F334FB82296}.Release|Any CPU.Build.0 = Release|Any CPU
		{E8673CE0-A56A-4F05-B9BA-67DD1110953E}.Debug|Any CPU.ActiveCfg = Debug|Any CPU
		{E8673CE0-A56A-4F05-B9BA-67DD1110953E}.Debug|Any CPU.Build.0 = Debug|Any CPU
		{E8673CE0-A56A-4F05-B9BA-67DD1110953E}.Release|Any CPU.ActiveCfg = Release|Any CPU
		{E8673CE0-A56A-4F05-B9BA-67DD1110953E}.Release|Any CPU.Build.0 = Release|Any CPU
		{C4C54462-CA28-459A-BE31-C730949EA749}.Debug|Any CPU.ActiveCfg = Debug|Any CPU
		{C4C54462-CA28-459A-BE31-C730949EA749}.Debug|Any CPU.Build.0 = Debug|Any CPU
		{C4C54462-CA28-459A-BE31-C730949EA749}.Release|Any CPU.ActiveCfg = Release|Any CPU
		{C4C54462-CA28-459A-BE31-C730949EA749}.Release|Any CPU.Build.0 = Release|Any CPU
		{5DC1C4CD-A8B5-4DCD-9048-4316E26B80FD}.Debug|Any CPU.ActiveCfg = Debug|Any CPU
		{5DC1C4CD-A8B5-4DCD-9048-4316E26B80FD}.Debug|Any CPU.Build.0 = Debug|Any CPU
		{5DC1C4CD-A8B5-4DCD-9048-4316E26B80FD}.Release|Any CPU.ActiveCfg = Release|Any CPU
		{5DC1C4CD-A8B5-4DCD-9048-4316E26B80FD}.Release|Any CPU.Build.0 = Release|Any CPU
		{E42D9A7C-63EF-4E0B-83BD-15880DF1B158}.Debug|Any CPU.ActiveCfg = Debug|Any CPU
		{E42D9A7C-63EF-4E0B-83BD-15880DF1B158}.Debug|Any CPU.Build.0 = Debug|Any CPU
		{E42D9A7C-63EF-4E0B-83BD-15880DF1B158}.Release|Any CPU.ActiveCfg = Release|Any CPU
		{E42D9A7C-63EF-4E0B-83BD-15880DF1B158}.Release|Any CPU.Build.0 = Release|Any CPU
		{8166C136-5767-4F6D-8BE5-0382B226AF86}.Debug|Any CPU.ActiveCfg = Debug|Any CPU
		{8166C136-5767-4F6D-8BE5-0382B226AF86}.Debug|Any CPU.Build.0 = Debug|Any CPU
		{8166C136-5767-4F6D-8BE5-0382B226AF86}.Release|Any CPU.ActiveCfg = Release|Any CPU
		{8166C136-5767-4F6D-8BE5-0382B226AF86}.Release|Any CPU.Build.0 = Release|Any CPU
		{BC464C2D-20C1-4E78-9543-64253E329F4A}.Debug|Any CPU.ActiveCfg = Debug|Any CPU
		{BC464C2D-20C1-4E78-9543-64253E329F4A}.Debug|Any CPU.Build.0 = Debug|Any CPU
		{BC464C2D-20C1-4E78-9543-64253E329F4A}.Release|Any CPU.ActiveCfg = Release|Any CPU
		{BC464C2D-20C1-4E78-9543-64253E329F4A}.Release|Any CPU.Build.0 = Release|Any CPU
		{9A6E650D-3A0B-41FE-81A9-2211CA3970FB}.Debug|Any CPU.ActiveCfg = Debug|Any CPU
		{9A6E650D-3A0B-41FE-81A9-2211CA3970FB}.Debug|Any CPU.Build.0 = Debug|Any CPU
		{9A6E650D-3A0B-41FE-81A9-2211CA3970FB}.Release|Any CPU.ActiveCfg = Release|Any CPU
		{9A6E650D-3A0B-41FE-81A9-2211CA3970FB}.Release|Any CPU.Build.0 = Release|Any CPU
		{F4AAEF31-57AE-4AF1-B18A-692CCB8A1FD8}.Debug|Any CPU.ActiveCfg = Debug|Any CPU
		{F4AAEF31-57AE-4AF1-B18A-692CCB8A1FD8}.Debug|Any CPU.Build.0 = Debug|Any CPU
		{F4AAEF31-57AE-4AF1-B18A-692CCB8A1FD8}.Release|Any CPU.ActiveCfg = Release|Any CPU
		{F4AAEF31-57AE-4AF1-B18A-692CCB8A1FD8}.Release|Any CPU.Build.0 = Release|Any CPU
		{82833DAF-9BA2-4E11-9FBE-738EAD248E66}.Debug|Any CPU.ActiveCfg = Debug|Any CPU
		{82833DAF-9BA2-4E11-9FBE-738EAD248E66}.Debug|Any CPU.Build.0 = Debug|Any CPU
		{82833DAF-9BA2-4E11-9FBE-738EAD248E66}.Release|Any CPU.ActiveCfg = Release|Any CPU
		{82833DAF-9BA2-4E11-9FBE-738EAD248E66}.Release|Any CPU.Build.0 = Release|Any CPU
	EndGlobalSection
	GlobalSection(SolutionProperties) = preSolution
		HideSolutionNode = FALSE
	EndGlobalSection
	GlobalSection(NestedProjects) = preSolution
		{74503A42-B08F-4AD9-BE0D-052B6D269CBB} = {D403F605-71B3-4F36-B2D9-D30387F61F54}
		{7F365962-BC91-450B-991D-78A94B817B81} = {D403F605-71B3-4F36-B2D9-D30387F61F54}
		{E8673CE0-A56A-4F05-B9BA-67DD1110953E} = {0BA560C3-E268-4F51-AF46-C5293685AA0E}
		{030DF1D2-D51F-43F8-827D-42749ECDB5A0} = {DFAE3B31-6CA4-4C67-AF1F-FAC384978EA9}
		{0BA560C3-E268-4F51-AF46-C5293685AA0E} = {030DF1D2-D51F-43F8-827D-42749ECDB5A0}
		{FC2FCDCD-BF5D-4F1A-9344-278D87F6313B} = {78A43CE1-AFA1-4A45-B08A-FC817178E7DA}
		{C4C54462-CA28-459A-BE31-C730949EA749} = {B046479E-1AA7-422F-B043-30D41633F3FA}
		{9F7FE61B-75CB-477B-8D57-DFFD684C0B13} = {DFAE3B31-6CA4-4C67-AF1F-FAC384978EA9}
		{018DFBEF-8020-4521-AAE6-F5806263F4A3} = {9F7FE61B-75CB-477B-8D57-DFFD684C0B13}
		{5DC1C4CD-A8B5-4DCD-9048-4316E26B80FD} = {018DFBEF-8020-4521-AAE6-F5806263F4A3}
		{E42D9A7C-63EF-4E0B-83BD-15880DF1B158} = {1CABD27E-C969-4ECD-9F8E-AD990CA5CF48}
		{958C5A6D-5D4C-4D77-A9BB-E47B394F6197} = {9F7FE61B-75CB-477B-8D57-DFFD684C0B13}
		{8166C136-5767-4F6D-8BE5-0382B226AF86} = {9F7FE61B-75CB-477B-8D57-DFFD684C0B13}
		{BC464C2D-20C1-4E78-9543-64253E329F4A} = {958C5A6D-5D4C-4D77-A9BB-E47B394F6197}
		{1CABD27E-C969-4ECD-9F8E-AD990CA5CF48} = {46F9BD61-2E93-4B81-959E-2B278F2135B7}
		{9A6E650D-3A0B-41FE-81A9-2211CA3970FB} = {1CABD27E-C969-4ECD-9F8E-AD990CA5CF48}
		{CE68205A-4D16-4CD9-A877-400EBDB4FE62} = {DFAE3B31-6CA4-4C67-AF1F-FAC384978EA9}
		{789E3E07-E05A-46EE-8982-219626BC76DD} = {CE68205A-4D16-4CD9-A877-400EBDB4FE62}
		{F4AAEF31-57AE-4AF1-B18A-692CCB8A1FD8} = {789E3E07-E05A-46EE-8982-219626BC76DD}
	EndGlobalSection
	GlobalSection(ExtensibilityGlobals) = postSolution
		SolutionGuid = {BD4E48FF-111A-4466-A02E-3AA5EFC36655}
	EndGlobalSection
EndGlobal
